
Microsoft Visual Studio Solution File, Format Version 12.00
# Visual Studio Version 17
VisualStudioVersion = 17.13.35828.75 d17.13
MinimumVisualStudioVersion = 10.0.40219.1
Project("{FAE04EC0-301F-11D3-BF4B-00C04F79EFBC}") = "ConsoleApp5a", "ConsoleApp5a\ConsoleApp5a.csproj", "{9A43D169-B6EC-44C3-B932-4533B4BC3CAC}"
EndProject
Global
	GlobalSection(SolutionConfigurationPlatforms) = preSolution
		Debug|Any CPU = Debug|Any CPU
		Release|Any CPU = Release|Any CPU
	EndGlobalSection
	GlobalSection(ProjectConfigurationPlatforms) = postSolution
		{9A43D169-B6EC-44C3-B932-4533B4BC3CAC}.Debug|Any CPU.ActiveCfg = Debug|Any CPU
		{9A43D169-B6EC-44C3-B932-4533B4BC3CAC}.Debug|Any CPU.Build.0 = Debug|Any CPU
		{9A43D169-B6EC-44C3-B932-4533B4BC3CAC}.Release|Any CPU.ActiveCfg = Release|Any CPU
		{9A43D169-B6EC-44C3-B932-4533B4BC3CAC}.Release|Any CPU.Build.0 = Release|Any CPU
	EndGlobalSection
	GlobalSection(SolutionProperties) = preSolution
		HideSolutionNode = FALSE
	EndGlobalSection
	GlobalSection(ExtensibilityGlobals) = postSolution
		SolutionGuid = {6607C712-F121-4AE7-87FE-761E12602120}
	EndGlobalSection
EndGlobal
