
Microsoft Visual Studio Solution File, Format Version 12.00
# Visual Studio Version 17
VisualStudioVersion = 17.5.33627.172
MinimumVisualStudioVersion = 10.0.40219.1
Project("{FAE04EC0-301F-11D3-BF4B-00C04F79EFBC}") = "ConsoleApp2", "ConsoleApp2\ConsoleApp2.csproj", "{A944144D-2018-475D-84B6-881F4E34BC6E}"
EndProject
Global
	GlobalSection(SolutionConfigurationPlatforms) = preSolution
		Debug|Any CPU = Debug|Any CPU
		Release|Any CPU = Release|Any CPU
	EndGlobalSection
	GlobalSection(ProjectConfigurationPlatforms) = postSolution
		{A944144D-2018-475D-84B6-881F4E34BC6E}.Debug|Any CPU.ActiveCfg = Debug|Any CPU
		{A944144D-2018-475D-84B6-881F4E34BC6E}.Debug|Any CPU.Build.0 = Debug|Any CPU
		{A944144D-2018-475D-84B6-881F4E34BC6E}.Release|Any CPU.ActiveCfg = Release|Any CPU
		{A944144D-2018-475D-84B6-881F4E34BC6E}.Release|Any CPU.Build.0 = Release|Any CPU
	EndGlobalSection
	GlobalSection(SolutionProperties) = preSolution
		HideSolutionNode = FALSE
	EndGlobalSection
	GlobalSection(ExtensibilityGlobals) = postSolution
		SolutionGuid = {C7476694-1801-450B-A0C9-F3A68523954C}
	EndGlobalSection
EndGlobal
